// !$*UTF8*$!
{
	archiveVersion = 1;
	classes = {
	};
	objectVersion = 56;
	objects = {

/* Begin PBXBuildFile section */
		2B42AF772C0ED88E000EAC51 /* RealityKitContent in Frameworks */ = {isa = PBXBuildFile; productRef = 2B42AF762C0ED88E000EAC51 /* RealityKitContent */; };
		2B42AF792C0ED88E000EAC51 /* ShaderGraph_StereoApp.swift in Sources */ = {isa = PBXBuildFile; fileRef = 2B42AF782C0ED88E000EAC51 /* ShaderGraph_StereoApp.swift */; };
		2B42AF7B2C0ED88E000EAC51 /* ContentView.swift in Sources */ = {isa = PBXBuildFile; fileRef = 2B42AF7A2C0ED88E000EAC51 /* ContentView.swift */; };
		2B42AF7D2C0ED88F000EAC51 /* Assets.xcassets in Resources */ = {isa = PBXBuildFile; fileRef = 2B42AF7C2C0ED88F000EAC51 /* Assets.xcassets */; };
		2B42AF802C0ED88F000EAC51 /* Preview Assets.xcassets in Resources */ = {isa = PBXBuildFile; fileRef = 2B42AF7F2C0ED88F000EAC51 /* Preview Assets.xcassets */; };
		2B42AF8A2C0ED8DB000EAC51 /* StereoPair.swift in Sources */ = {isa = PBXBuildFile; fileRef = 2B42AF892C0ED8DB000EAC51 /* StereoPair.swift */; };
		2B42AF8C2C0ED8EF000EAC51 /* StereoView_revised.swift in Sources */ = {isa = PBXBuildFile; fileRef = 2B42AF8B2C0ED8EF000EAC51 /* StereoView_revised.swift */; };
		2B42AF902C0EE010000EAC51 /* ImageViewer.swift in Sources */ = {isa = PBXBuildFile; fileRef = 2B42AF8F2C0EE010000EAC51 /* ImageViewer.swift */; };
		2B42AFA92C0FB43B000EAC51 /* StereoPair.swift in Sources */ = {isa = PBXBuildFile; fileRef = 2B42AF892C0ED8DB000EAC51 /* StereoPair.swift */; };
		2B42AFAA2C0FB43B000EAC51 /* ImageViewer.swift in Sources */ = {isa = PBXBuildFile; fileRef = 2B42AF8F2C0EE010000EAC51 /* ImageViewer.swift */; };
		2B42AFAB2C0FB43B000EAC51 /* ContentView.swift in Sources */ = {isa = PBXBuildFile; fileRef = 2B42AF7A2C0ED88E000EAC51 /* ContentView.swift */; };
		2B42AFAC2C0FB43B000EAC51 /* ShaderGraph_StereoApp.swift in Sources */ = {isa = PBXBuildFile; fileRef = 2B42AF782C0ED88E000EAC51 /* ShaderGraph_StereoApp.swift */; };
		2B42AFAE2C0FB43B000EAC51 /* RealityKitContent in Frameworks */ = {isa = PBXBuildFile; productRef = 2B42AFA62C0FB43B000EAC51 /* RealityKitContent */; };
		2B42AFB02C0FB43B000EAC51 /* Preview Assets.xcassets in Resources */ = {isa = PBXBuildFile; fileRef = 2B42AF7F2C0ED88F000EAC51 /* Preview Assets.xcassets */; };
		2B42AFB12C0FB43B000EAC51 /* Assets.xcassets in Resources */ = {isa = PBXBuildFile; fileRef = 2B42AF7C2C0ED88F000EAC51 /* Assets.xcassets */; };
		2B42AFB82C0FB485000EAC51 /* StereoView_simple.swift in Sources */ = {isa = PBXBuildFile; fileRef = 2B42AFB72C0FB485000EAC51 /* StereoView_simple.swift */; };
/* End PBXBuildFile section */

/* Begin PBXFileReference section */
		2B42AF712C0ED88E000EAC51 /* SG Stereo revised.app */ = {isa = PBXFileReference; explicitFileType = wrapper.application; includeInIndex = 0; path = "SG Stereo revised.app"; sourceTree = BUILT_PRODUCTS_DIR; };
		2B42AF752C0ED88E000EAC51 /* RealityKitContent */ = {isa = PBXFileReference; lastKnownFileType = wrapper; path = RealityKitContent; sourceTree = "<group>"; };
		2B42AF782C0ED88E000EAC51 /* ShaderGraph_StereoApp.swift */ = {isa = PBXFileReference; lastKnownFileType = sourcecode.swift; path = ShaderGraph_StereoApp.swift; sourceTree = "<group>"; };
		2B42AF7A2C0ED88E000EAC51 /* ContentView.swift */ = {isa = PBXFileReference; lastKnownFileType = sourcecode.swift; path = ContentView.swift; sourceTree = "<group>"; };
		2B42AF7C2C0ED88F000EAC51 /* Assets.xcassets */ = {isa = PBXFileReference; lastKnownFileType = folder.assetcatalog; path = Assets.xcassets; sourceTree = "<group>"; };
		2B42AF7F2C0ED88F000EAC51 /* Preview Assets.xcassets */ = {isa = PBXFileReference; lastKnownFileType = folder.assetcatalog; path = "Preview Assets.xcassets"; sourceTree = "<group>"; };
		2B42AF812C0ED88F000EAC51 /* Info.plist */ = {isa = PBXFileReference; lastKnownFileType = text.plist.xml; path = Info.plist; sourceTree = "<group>"; };
		2B42AF892C0ED8DB000EAC51 /* StereoPair.swift */ = {isa = PBXFileReference; fileEncoding = 4; lastKnownFileType = sourcecode.swift; path = StereoPair.swift; sourceTree = "<group>"; };
		2B42AF8B2C0ED8EF000EAC51 /* StereoView_revised.swift */ = {isa = PBXFileReference; fileEncoding = 4; lastKnownFileType = sourcecode.swift; path = StereoView_revised.swift; sourceTree = "<group>"; };
		2B42AF8F2C0EE010000EAC51 /* ImageViewer.swift */ = {isa = PBXFileReference; lastKnownFileType = sourcecode.swift; path = ImageViewer.swift; sourceTree = "<group>"; };
		2B42AFB52C0FB43B000EAC51 /* SG Stereo simple.app */ = {isa = PBXFileReference; explicitFileType = wrapper.application; includeInIndex = 0; path = "SG Stereo simple.app"; sourceTree = BUILT_PRODUCTS_DIR; };
		2B42AFB72C0FB485000EAC51 /* StereoView_simple.swift */ = {isa = PBXFileReference; fileEncoding = 4; lastKnownFileType = sourcecode.swift; path = StereoView_simple.swift; sourceTree = "<group>"; };
/* End PBXFileReference section */

/* Begin PBXFrameworksBuildPhase section */
		2B42AF6E2C0ED88E000EAC51 /* Frameworks */ = {
			isa = PBXFrameworksBuildPhase;
			buildActionMask = 2147483647;
			files = (
				2B42AF772C0ED88E000EAC51 /* RealityKitContent in Frameworks */,
			);
			runOnlyForDeploymentPostprocessing = 0;
		};
		2B42AFAD2C0FB43B000EAC51 /* Frameworks */ = {
			isa = PBXFrameworksBuildPhase;
			buildActionMask = 2147483647;
			files = (
				2B42AFAE2C0FB43B000EAC51 /* RealityKitContent in Frameworks */,
			);
			runOnlyForDeploymentPostprocessing = 0;
		};
/* End PBXFrameworksBuildPhase section */

/* Begin PBXGroup section */
		2B42AF682C0ED88E000EAC51 = {
			isa = PBXGroup;
			children = (
				2B42AF732C0ED88E000EAC51 /* ShaderGraph Stereo */,
				2B42AF742C0ED88E000EAC51 /* Packages */,
				2B42AF722C0ED88E000EAC51 /* Products */,
			);
			sourceTree = "<group>";
		};
		2B42AF722C0ED88E000EAC51 /* Products */ = {
			isa = PBXGroup;
			children = (
				2B42AF712C0ED88E000EAC51 /* SG Stereo revised.app */,
				2B42AFB52C0FB43B000EAC51 /* SG Stereo simple.app */,
			);
			name = Products;
			sourceTree = "<group>";
		};
		2B42AF732C0ED88E000EAC51 /* ShaderGraph Stereo */ = {
			isa = PBXGroup;
			children = (
				2B42AF782C0ED88E000EAC51 /* ShaderGraph_StereoApp.swift */,
				2B42AF7A2C0ED88E000EAC51 /* ContentView.swift */,
				2B42AF892C0ED8DB000EAC51 /* StereoPair.swift */,
				2B42AF8B2C0ED8EF000EAC51 /* StereoView_revised.swift */,
				2B42AFB72C0FB485000EAC51 /* StereoView_simple.swift */,
				2B42AF8F2C0EE010000EAC51 /* ImageViewer.swift */,
				2B42AF7C2C0ED88F000EAC51 /* Assets.xcassets */,
				2B42AF812C0ED88F000EAC51 /* Info.plist */,
				2B42AF7E2C0ED88F000EAC51 /* Preview Content */,
			);
			path = "ShaderGraph Stereo";
			sourceTree = "<group>";
		};
		2B42AF742C0ED88E000EAC51 /* Packages */ = {
			isa = PBXGroup;
			children = (
				2B42AF752C0ED88E000EAC51 /* RealityKitContent */,
			);
			path = Packages;
			sourceTree = "<group>";
		};
		2B42AF7E2C0ED88F000EAC51 /* Preview Content */ = {
			isa = PBXGroup;
			children = (
				2B42AF7F2C0ED88F000EAC51 /* Preview Assets.xcassets */,
			);
			path = "Preview Content";
			sourceTree = "<group>";
		};
/* End PBXGroup section */

/* Begin PBXNativeTarget section */
		2B42AF702C0ED88E000EAC51 /* SG Stereo revised */ = {
			isa = PBXNativeTarget;
			buildConfigurationList = 2B42AF842C0ED88F000EAC51 /* Build configuration list for PBXNativeTarget "SG Stereo revised" */;
			buildPhases = (
				2B42AF6D2C0ED88E000EAC51 /* Sources */,
				2B42AF6E2C0ED88E000EAC51 /* Frameworks */,
				2B42AF6F2C0ED88E000EAC51 /* Resources */,
			);
			buildRules = (
			);
			dependencies = (
			);
			name = "SG Stereo revised";
			packageProductDependencies = (
				2B42AF762C0ED88E000EAC51 /* RealityKitContent */,
			);
			productName = "ShaderGraph Stereo";
			productReference = 2B42AF712C0ED88E000EAC51 /* SG Stereo revised.app */;
			productType = "com.apple.product-type.application";
		};
		2B42AFA52C0FB43B000EAC51 /* SG Stereo simple */ = {
			isa = PBXNativeTarget;
			buildConfigurationList = 2B42AFB22C0FB43B000EAC51 /* Build configuration list for PBXNativeTarget "SG Stereo simple" */;
			buildPhases = (
				2B42AFA72C0FB43B000EAC51 /* Sources */,
				2B42AFAD2C0FB43B000EAC51 /* Frameworks */,
				2B42AFAF2C0FB43B000EAC51 /* Resources */,
			);
			buildRules = (
			);
			dependencies = (
			);
			name = "SG Stereo simple";
			packageProductDependencies = (
				2B42AFA62C0FB43B000EAC51 /* RealityKitContent */,
			);
			productName = "ShaderGraph Stereo";
			productReference = 2B42AFB52C0FB43B000EAC51 /* SG Stereo simple.app */;
			productType = "com.apple.product-type.application";
		};
/* End PBXNativeTarget section */

/* Begin PBXProject section */
		2B42AF692C0ED88E000EAC51 /* Project object */ = {
			isa = PBXProject;
			attributes = {
				BuildIndependentTargetsInParallel = 1;
				LastSwiftUpdateCheck = 1540;
				LastUpgradeCheck = 1540;
				TargetAttributes = {
					2B42AF702C0ED88E000EAC51 = {
						CreatedOnToolsVersion = 15.4;
					};
				};
			};
			buildConfigurationList = 2B42AF6C2C0ED88E000EAC51 /* Build configuration list for PBXProject "ShaderGraph Stereo" */;
			compatibilityVersion = "Xcode 14.0";
			developmentRegion = en;
			hasScannedForEncodings = 0;
			knownRegions = (
				en,
				Base,
			);
			mainGroup = 2B42AF682C0ED88E000EAC51;
			productRefGroup = 2B42AF722C0ED88E000EAC51 /* Products */;
			projectDirPath = "";
			projectRoot = "";
			targets = (
				2B42AF702C0ED88E000EAC51 /* SG Stereo revised */,
				2B42AFA52C0FB43B000EAC51 /* SG Stereo simple */,
			);
		};
/* End PBXProject section */

/* Begin PBXResourcesBuildPhase section */
		2B42AF6F2C0ED88E000EAC51 /* Resources */ = {
			isa = PBXResourcesBuildPhase;
			buildActionMask = 2147483647;
			files = (
				2B42AF802C0ED88F000EAC51 /* Preview Assets.xcassets in Resources */,
				2B42AF7D2C0ED88F000EAC51 /* Assets.xcassets in Resources */,
			);
			runOnlyForDeploymentPostprocessing = 0;
		};
		2B42AFAF2C0FB43B000EAC51 /* Resources */ = {
			isa = PBXResourcesBuildPhase;
			buildActionMask = 2147483647;
			files = (
				2B42AFB02C0FB43B000EAC51 /* Preview Assets.xcassets in Resources */,
				2B42AFB12C0FB43B000EAC51 /* Assets.xcassets in Resources */,
			);
			runOnlyForDeploymentPostprocessing = 0;
		};
/* End PBXResourcesBuildPhase section */

/* Begin PBXSourcesBuildPhase section */
		2B42AF6D2C0ED88E000EAC51 /* Sources */ = {
			isa = PBXSourcesBuildPhase;
			buildActionMask = 2147483647;
			files = (
				2B42AF8C2C0ED8EF000EAC51 /* StereoView_revised.swift in Sources */,
				2B42AF8A2C0ED8DB000EAC51 /* StereoPair.swift in Sources */,
				2B42AF902C0EE010000EAC51 /* ImageViewer.swift in Sources */,
				2B42AF7B2C0ED88E000EAC51 /* ContentView.swift in Sources */,
				2B42AF792C0ED88E000EAC51 /* ShaderGraph_StereoApp.swift in Sources */,
			);
			runOnlyForDeploymentPostprocessing = 0;
		};
		2B42AFA72C0FB43B000EAC51 /* Sources */ = {
			isa = PBXSourcesBuildPhase;
			buildActionMask = 2147483647;
			files = (
				2B42AFA92C0FB43B000EAC51 /* StereoPair.swift in Sources */,
				2B42AFB82C0FB485000EAC51 /* StereoView_simple.swift in Sources */,
				2B42AFAA2C0FB43B000EAC51 /* ImageViewer.swift in Sources */,
				2B42AFAB2C0FB43B000EAC51 /* ContentView.swift in Sources */,
				2B42AFAC2C0FB43B000EAC51 /* ShaderGraph_StereoApp.swift in Sources */,
			);
			runOnlyForDeploymentPostprocessing = 0;
		};
/* End PBXSourcesBuildPhase section */

/* Begin XCBuildConfiguration section */
		2B42AF822C0ED88F000EAC51 /* Debug */ = {
			isa = XCBuildConfiguration;
			buildSettings = {
				ALWAYS_SEARCH_USER_PATHS = NO;
				ASSETCATALOG_COMPILER_GENERATE_SWIFT_ASSET_SYMBOL_EXTENSIONS = YES;
				CLANG_ANALYZER_NONNULL = YES;
				CLANG_ANALYZER_NUMBER_OBJECT_CONVERSION = YES_AGGRESSIVE;
				CLANG_CXX_LANGUAGE_STANDARD = "gnu++20";
				CLANG_ENABLE_MODULES = YES;
				CLANG_ENABLE_OBJC_ARC = YES;
				CLANG_ENABLE_OBJC_WEAK = YES;
				CLANG_WARN_BLOCK_CAPTURE_AUTORELEASING = YES;
				CLANG_WARN_BOOL_CONVERSION = YES;
				CLANG_WARN_COMMA = YES;
				CLANG_WARN_CONSTANT_CONVERSION = YES;
				CLANG_WARN_DEPRECATED_OBJC_IMPLEMENTATIONS = YES;
				CLANG_WARN_DIRECT_OBJC_ISA_USAGE = YES_ERROR;
				CLANG_WARN_DOCUMENTATION_COMMENTS = YES;
				CLANG_WARN_EMPTY_BODY = YES;
				CLANG_WARN_ENUM_CONVERSION = YES;
				CLANG_WARN_INFINITE_RECURSION = YES;
				CLANG_WARN_INT_CONVERSION = YES;
				CLANG_WARN_NON_LITERAL_NULL_CONVERSION = YES;
				CLANG_WARN_OBJC_IMPLICIT_RETAIN_SELF = YES;
				CLANG_WARN_OBJC_LITERAL_CONVERSION = YES;
				CLANG_WARN_OBJC_ROOT_CLASS = YES_ERROR;
				CLANG_WARN_QUOTED_INCLUDE_IN_FRAMEWORK_HEADER = YES;
				CLANG_WARN_RANGE_LOOP_ANALYSIS = YES;
				CLANG_WARN_STRICT_PROTOTYPES = YES;
				CLANG_WARN_SUSPICIOUS_MOVE = YES;
				CLANG_WARN_UNGUARDED_AVAILABILITY = YES_AGGRESSIVE;
				CLANG_WARN_UNREACHABLE_CODE = YES;
				CLANG_WARN__DUPLICATE_METHOD_MATCH = YES;
				COPY_PHASE_STRIP = NO;
				DEBUG_INFORMATION_FORMAT = dwarf;
				ENABLE_STRICT_OBJC_MSGSEND = YES;
				ENABLE_TESTABILITY = YES;
				ENABLE_USER_SCRIPT_SANDBOXING = YES;
				GCC_C_LANGUAGE_STANDARD = gnu17;
				GCC_DYNAMIC_NO_PIC = NO;
				GCC_NO_COMMON_BLOCKS = YES;
				GCC_OPTIMIZATION_LEVEL = 0;
				GCC_PREPROCESSOR_DEFINITIONS = (
					"DEBUG=1",
					"$(inherited)",
				);
				GCC_WARN_64_TO_32_BIT_CONVERSION = YES;
				GCC_WARN_ABOUT_RETURN_TYPE = YES_ERROR;
				GCC_WARN_UNDECLARED_SELECTOR = YES;
				GCC_WARN_UNINITIALIZED_AUTOS = YES_AGGRESSIVE;
				GCC_WARN_UNUSED_FUNCTION = YES;
				GCC_WARN_UNUSED_VARIABLE = YES;
				LOCALIZATION_PREFERS_STRING_CATALOGS = YES;
				MTL_ENABLE_DEBUG_INFO = INCLUDE_SOURCE;
				MTL_FAST_MATH = YES;
				ONLY_ACTIVE_ARCH = YES;
				SDKROOT = xros;
				SWIFT_ACTIVE_COMPILATION_CONDITIONS = "DEBUG $(inherited)";
				SWIFT_OPTIMIZATION_LEVEL = "-Onone";
				XROS_DEPLOYMENT_TARGET = 1.2;
			};
			name = Debug;
		};
		2B42AF832C0ED88F000EAC51 /* Release */ = {
			isa = XCBuildConfiguration;
			buildSettings = {
				ALWAYS_SEARCH_USER_PATHS = NO;
				ASSETCATALOG_COMPILER_GENERATE_SWIFT_ASSET_SYMBOL_EXTENSIONS = YES;
				CLANG_ANALYZER_NONNULL = YES;
				CLANG_ANALYZER_NUMBER_OBJECT_CONVERSION = YES_AGGRESSIVE;
				CLANG_CXX_LANGUAGE_STANDARD = "gnu++20";
				CLANG_ENABLE_MODULES = YES;
				CLANG_ENABLE_OBJC_ARC = YES;
				CLANG_ENABLE_OBJC_WEAK = YES;
				CLANG_WARN_BLOCK_CAPTURE_AUTORELEASING = YES;
				CLANG_WARN_BOOL_CONVERSION = YES;
				CLANG_WARN_COMMA = YES;
				CLANG_WARN_CONSTANT_CONVERSION = YES;
				CLANG_WARN_DEPRECATED_OBJC_IMPLEMENTATIONS = YES;
				CLANG_WARN_DIRECT_OBJC_ISA_USAGE = YES_ERROR;
				CLANG_WARN_DOCUMENTATION_COMMENTS = YES;
				CLANG_WARN_EMPTY_BODY = YES;
				CLANG_WARN_ENUM_CONVERSION = YES;
				CLANG_WARN_INFINITE_RECURSION = YES;
				CLANG_WARN_INT_CONVERSION = YES;
				CLANG_WARN_NON_LITERAL_NULL_CONVERSION = YES;
				CLANG_WARN_OBJC_IMPLICIT_RETAIN_SELF = YES;
				CLANG_WARN_OBJC_LITERAL_CONVERSION = YES;
				CLANG_WARN_OBJC_ROOT_CLASS = YES_ERROR;
				CLANG_WARN_QUOTED_INCLUDE_IN_FRAMEWORK_HEADER = YES;
				CLANG_WARN_RANGE_LOOP_ANALYSIS = YES;
				CLANG_WARN_STRICT_PROTOTYPES = YES;
				CLANG_WARN_SUSPICIOUS_MOVE = YES;
				CLANG_WARN_UNGUARDED_AVAILABILITY = YES_AGGRESSIVE;
				CLANG_WARN_UNREACHABLE_CODE = YES;
				CLANG_WARN__DUPLICATE_METHOD_MATCH = YES;
				COPY_PHASE_STRIP = NO;
				DEBUG_INFORMATION_FORMAT = "dwarf-with-dsym";
				ENABLE_NS_ASSERTIONS = NO;
				ENABLE_STRICT_OBJC_MSGSEND = YES;
				ENABLE_USER_SCRIPT_SANDBOXING = YES;
				GCC_C_LANGUAGE_STANDARD = gnu17;
				GCC_NO_COMMON_BLOCKS = YES;
				GCC_WARN_64_TO_32_BIT_CONVERSION = YES;
				GCC_WARN_ABOUT_RETURN_TYPE = YES_ERROR;
				GCC_WARN_UNDECLARED_SELECTOR = YES;
				GCC_WARN_UNINITIALIZED_AUTOS = YES_AGGRESSIVE;
				GCC_WARN_UNUSED_FUNCTION = YES;
				GCC_WARN_UNUSED_VARIABLE = YES;
				LOCALIZATION_PREFERS_STRING_CATALOGS = YES;
				MTL_ENABLE_DEBUG_INFO = NO;
				MTL_FAST_MATH = YES;
				SDKROOT = xros;
				SWIFT_COMPILATION_MODE = wholemodule;
				VALIDATE_PRODUCT = YES;
				XROS_DEPLOYMENT_TARGET = 1.2;
			};
			name = Release;
		};
		2B42AF852C0ED88F000EAC51 /* Debug */ = {
			isa = XCBuildConfiguration;
			buildSettings = {
				ASSETCATALOG_COMPILER_APPICON_NAME = AppIcon;
				ASSETCATALOG_COMPILER_GLOBAL_ACCENT_COLOR_NAME = AccentColor;
				CODE_SIGN_STYLE = Automatic;
				CURRENT_PROJECT_VERSION = 1;
				DEVELOPMENT_ASSET_PATHS = "\"ShaderGraph Stereo/Preview Content\"";
				DEVELOPMENT_TEAM = TW8SJXYFP5;
				ENABLE_PREVIEWS = YES;
				GENERATE_INFOPLIST_FILE = YES;
				INFOPLIST_FILE = "ShaderGraph Stereo/Info.plist";
				LD_RUNPATH_SEARCH_PATHS = (
					"$(inherited)",
					"@executable_path/Frameworks",
				);
				MARKETING_VERSION = 1.0;
				PRODUCT_BUNDLE_IDENTIFIER = "com.mobilegeographics.ShaderGraph-Stereo";
				PRODUCT_NAME = "$(TARGET_NAME)";
				SUPPORTED_PLATFORMS = "xros xrsimulator";
				SWIFT_EMIT_LOC_STRINGS = YES;
				SWIFT_VERSION = 5.0;
				TARGETED_DEVICE_FAMILY = "1,2,7";
			};
			name = Debug;
		};
		2B42AF862C0ED88F000EAC51 /* Release */ = {
			isa = XCBuildConfiguration;
			buildSettings = {
				ASSETCATALOG_COMPILER_APPICON_NAME = AppIcon;
				ASSETCATALOG_COMPILER_GLOBAL_ACCENT_COLOR_NAME = AccentColor;
				CODE_SIGN_STYLE = Automatic;
				CURRENT_PROJECT_VERSION = 1;
				DEVELOPMENT_ASSET_PATHS = "\"ShaderGraph Stereo/Preview Content\"";
				DEVELOPMENT_TEAM = TW8SJXYFP5;
				ENABLE_PREVIEWS = YES;
				GENERATE_INFOPLIST_FILE = YES;
				INFOPLIST_FILE = "ShaderGraph Stereo/Info.plist";
				LD_RUNPATH_SEARCH_PATHS = (
					"$(inherited)",
					"@executable_path/Frameworks",
				);
				MARKETING_VERSION = 1.0;
				PRODUCT_BUNDLE_IDENTIFIER = "com.mobilegeographics.ShaderGraph-Stereo";
				PRODUCT_NAME = "$(TARGET_NAME)";
				SUPPORTED_PLATFORMS = "xros xrsimulator";
				SWIFT_EMIT_LOC_STRINGS = YES;
				SWIFT_VERSION = 5.0;
				TARGETED_DEVICE_FAMILY = "1,2,7";
			};
			name = Release;
		};
		2B42AFB32C0FB43B000EAC51 /* Debug */ = {
			isa = XCBuildConfiguration;
			buildSettings = {
				ASSETCATALOG_COMPILER_APPICON_NAME = AppIcon;
				ASSETCATALOG_COMPILER_GLOBAL_ACCENT_COLOR_NAME = AccentColor;
				CODE_SIGN_STYLE = Automatic;
				CURRENT_PROJECT_VERSION = 1;
				DEVELOPMENT_ASSET_PATHS = "\"ShaderGraph Stereo/Preview Content\"";
				DEVELOPMENT_TEAM = TW8SJXYFP5;
				ENABLE_PREVIEWS = YES;
				GENERATE_INFOPLIST_FILE = YES;
				INFOPLIST_FILE = "ShaderGraph Stereo/Info.plist";
				LD_RUNPATH_SEARCH_PATHS = (
					"$(inherited)",
					"@executable_path/Frameworks",
				);
				MARKETING_VERSION = 1.0;
				PRODUCT_BUNDLE_IDENTIFIER = "com.mobilegeographics.ShaderGraph-Stereo";
				PRODUCT_NAME = "$(TARGET_NAME)";
				SUPPORTED_PLATFORMS = "xros xrsimulator";
				SWIFT_EMIT_LOC_STRINGS = YES;
				SWIFT_VERSION = 5.0;
				TARGETED_DEVICE_FAMILY = "1,2,7";
			};
			name = Debug;
		};
		2B42AFB42C0FB43B000EAC51 /* Release */ = {
			isa = XCBuildConfiguration;
			buildSettings = {
				ASSETCATALOG_COMPILER_APPICON_NAME = AppIcon;
				ASSETCATALOG_COMPILER_GLOBAL_ACCENT_COLOR_NAME = AccentColor;
				CODE_SIGN_STYLE = Automatic;
				CURRENT_PROJECT_VERSION = 1;
				DEVELOPMENT_ASSET_PATHS = "\"ShaderGraph Stereo/Preview Content\"";
				DEVELOPMENT_TEAM = TW8SJXYFP5;
				ENABLE_PREVIEWS = YES;
				GENERATE_INFOPLIST_FILE = YES;
				INFOPLIST_FILE = "ShaderGraph Stereo/Info.plist";
				LD_RUNPATH_SEARCH_PATHS = (
					"$(inherited)",
					"@executable_path/Frameworks",
				);
				MARKETING_VERSION = 1.0;
				PRODUCT_BUNDLE_IDENTIFIER = "com.mobilegeographics.ShaderGraph-Stereo";
				PRODUCT_NAME = "$(TARGET_NAME)";
				SUPPORTED_PLATFORMS = "xros xrsimulator";
				SWIFT_EMIT_LOC_STRINGS = YES;
				SWIFT_VERSION = 5.0;
				TARGETED_DEVICE_FAMILY = "1,2,7";
			};
			name = Release;
		};
/* End XCBuildConfiguration section */

/* Begin XCConfigurationList section */
		2B42AF6C2C0ED88E000EAC51 /* Build configuration list for PBXProject "ShaderGraph Stereo" */ = {
			isa = XCConfigurationList;
			buildConfigurations = (
				2B42AF822C0ED88F000EAC51 /* Debug */,
				2B42AF832C0ED88F000EAC51 /* Release */,
			);
			defaultConfigurationIsVisible = 0;
			defaultConfigurationName = Release;
		};
		2B42AF842C0ED88F000EAC51 /* Build configuration list for PBXNativeTarget "SG Stereo revised" */ = {
			isa = XCConfigurationList;
			buildConfigurations = (
				2B42AF852C0ED88F000EAC51 /* Debug */,
				2B42AF862C0ED88F000EAC51 /* Release */,
			);
			defaultConfigurationIsVisible = 0;
			defaultConfigurationName = Release;
		};
		2B42AFB22C0FB43B000EAC51 /* Build configuration list for PBXNativeTarget "SG Stereo simple" */ = {
			isa = XCConfigurationList;
			buildConfigurations = (
				2B42AFB32C0FB43B000EAC51 /* Debug */,
				2B42AFB42C0FB43B000EAC51 /* Release */,
			);
			defaultConfigurationIsVisible = 0;
			defaultConfigurationName = Release;
		};
/* End XCConfigurationList section */

/* Begin XCSwiftPackageProductDependency section */
		2B42AF762C0ED88E000EAC51 /* RealityKitContent */ = {
			isa = XCSwiftPackageProductDependency;
			productName = RealityKitContent;
		};
		2B42AFA62C0FB43B000EAC51 /* RealityKitContent */ = {
			isa = XCSwiftPackageProductDependency;
			productName = RealityKitContent;
		};
/* End XCSwiftPackageProductDependency section */
	};
	rootObject = 2B42AF692C0ED88E000EAC51 /* Project object */;
}
